
Microsoft Visual Studio Solution File, Format Version 12.00
# Visual Studio Version 17
VisualStudioVersion = 17.1.32228.430
MinimumVisualStudioVersion = 10.0.40219.1
Project("{FAE04EC0-301F-11D3-BF4B-00C04F79EFBC}") = "Billab1.3", "Billab1.3\Billab1.3.csproj", "{CC6AF14E-190F-4908-9270-6EBDED2BC58C}"
EndProject
Global
	GlobalSection(SolutionConfigurationPlatforms) = preSolution
		Debug|Any CPU = Debug|Any CPU
		Release|Any CPU = Release|Any CPU
	EndGlobalSection
	GlobalSection(ProjectConfigurationPlatforms) = postSolution
		{CC6AF14E-190F-4908-9270-6EBDED2BC58C}.Debug|Any CPU.ActiveCfg = Debug|Any CPU
		{CC6AF14E-190F-4908-9270-6EBDED2BC58C}.Debug|Any CPU.Build.0 = Debug|Any CPU
		{CC6AF14E-190F-4908-9270-6EBDED2BC58C}.Release|Any CPU.ActiveCfg = Release|Any CPU
		{CC6AF14E-190F-4908-9270-6EBDED2BC58C}.Release|Any CPU.Build.0 = Release|Any CPU
	EndGlobalSection
	GlobalSection(SolutionProperties) = preSolution
		HideSolutionNode = FALSE
	EndGlobalSection
	GlobalSection(ExtensibilityGlobals) = postSolution
		SolutionGuid = {FFD7C486-D080-4686-A815-B85D63822FEC}
	EndGlobalSection
EndGlobal
